
Microsoft Visual Studio Solution File, Format Version 12.00
# Visual Studio Version 17
VisualStudioVersion = 17.6.33723.286
MinimumVisualStudioVersion = 10.0.40219.1
Project("{FAE04EC0-301F-11D3-BF4B-00C04F79EFBC}") = "Auth.ModelsCore", "Auth.ModelsCore\Auth.ModelsCore.csproj", "{36B41151-A4DD-451F-87D6-E4993C7F7010}"
EndProject
Project("{FAE04EC0-301F-11D3-BF4B-00C04F79EFBC}") = "Auth.ModelsManipulations", "Auth.ModelsManipulations\Auth.ModelsManipulations.csproj", "{8CEBE1E2-2298-4D36-BE5F-8451AA8BA165}"
EndProject
Project("{FAE04EC0-301F-11D3-BF4B-00C04F79EFBC}") = "ManualOperations", "ManualOperations\ManualOperations.csproj", "{842A9705-7CBD-466D-B11A-5A2EFF139F53}"
EndProject
Project("{FAE04EC0-301F-11D3-BF4B-00C04F79EFBC}") = "Auth.WebAPI", "Auth.WebAPI\Auth.WebAPI.csproj", "{BC2B0F47-7833-4ED0-A011-F66D6E36C28E}"
EndProject
Global
	GlobalSection(SolutionConfigurationPlatforms) = preSolution
		Debug|Any CPU = Debug|Any CPU
		Release|Any CPU = Release|Any CPU
	EndGlobalSection
	GlobalSection(ProjectConfigurationPlatforms) = postSolution
		{36B41151-A4DD-451F-87D6-E4993C7F7010}.Debug|Any CPU.ActiveCfg = Debug|Any CPU
		{36B41151-A4DD-451F-87D6-E4993C7F7010}.Debug|Any CPU.Build.0 = Debug|Any CPU
		{36B41151-A4DD-451F-87D6-E4993C7F7010}.Release|Any CPU.ActiveCfg = Release|Any CPU
		{36B41151-A4DD-451F-87D6-E4993C7F7010}.Release|Any CPU.Build.0 = Release|Any CPU
		{8CEBE1E2-2298-4D36-BE5F-8451AA8BA165}.Debug|Any CPU.ActiveCfg = Debug|Any CPU
		{8CEBE1E2-2298-4D36-BE5F-8451AA8BA165}.Debug|Any CPU.Build.0 = Debug|Any CPU
		{8CEBE1E2-2298-4D36-BE5F-8451AA8BA165}.Release|Any CPU.ActiveCfg = Release|Any CPU
		{8CEBE1E2-2298-4D36-BE5F-8451AA8BA165}.Release|Any CPU.Build.0 = Release|Any CPU
		{842A9705-7CBD-466D-B11A-5A2EFF139F53}.Debug|Any CPU.ActiveCfg = Debug|Any CPU
		{842A9705-7CBD-466D-B11A-5A2EFF139F53}.Debug|Any CPU.Build.0 = Debug|Any CPU
		{842A9705-7CBD-466D-B11A-5A2EFF139F53}.Release|Any CPU.ActiveCfg = Release|Any CPU
		{842A9705-7CBD-466D-B11A-5A2EFF139F53}.Release|Any CPU.Build.0 = Release|Any CPU
		{BC2B0F47-7833-4ED0-A011-F66D6E36C28E}.Debug|Any CPU.ActiveCfg = Debug|Any CPU
		{BC2B0F47-7833-4ED0-A011-F66D6E36C28E}.Debug|Any CPU.Build.0 = Debug|Any CPU
		{BC2B0F47-7833-4ED0-A011-F66D6E36C28E}.Release|Any CPU.ActiveCfg = Release|Any CPU
		{BC2B0F47-7833-4ED0-A011-F66D6E36C28E}.Release|Any CPU.Build.0 = Release|Any CPU
	EndGlobalSection
	GlobalSection(SolutionProperties) = preSolution
		HideSolutionNode = FALSE
	EndGlobalSection
	GlobalSection(ExtensibilityGlobals) = postSolution
		SolutionGuid = {45CCBF2F-2A8E-4952-9684-9EACA6EAFE5F}
	EndGlobalSection
EndGlobal
